Microsoft Visual Studio Solution File, Format Version 12.00
# Visual Studio Version 17
VisualStudioVersion = 17.5.2.0
MinimumVisualStudioVersion = 10.0.40219.1
Project("{FAE04EC0-301F-11D3-BF4B-00C04F79EFBC}") = "JinchelinApi", "JinchelinApi\JinchelinApi.csproj", "{6AC79986-4E94-DE0A-CB93-74687362867D}"
EndProject
Global
	GlobalSection(SolutionConfigurationPlatforms) = preSolution
		Debug|Any CPU = Debug|Any CPU
		Release|Any CPU = Release|Any CPU
	EndGlobalSection
	GlobalSection(ProjectConfigurationPlatforms) = postSolution
		{6AC79986-4E94-DE0A-CB93-74687362867D}.Debug|Any CPU.ActiveCfg = Debug|Any CPU
		{6AC79986-4E94-DE0A-CB93-74687362867D}.Debug|Any CPU.Build.0 = Debug|Any CPU
		{6AC79986-4E94-DE0A-CB93-74687362867D}.Release|Any CPU.ActiveCfg = Release|Any CPU
		{6AC79986-4E94-DE0A-CB93-74687362867D}.Release|Any CPU.Build.0 = Release|Any CPU
	EndGlobalSection
	GlobalSection(SolutionProperties) = preSolution
		HideSolutionNode = FALSE
	EndGlobalSection
	GlobalSection(ExtensibilityGlobals) = postSolution
		SolutionGuid = {8177F92A-D886-4C44-B3B3-E580CE5731A7}
	EndGlobalSection
EndGlobal
